// !$*UTF8*$!
{
	archiveVersion = 1;
	classes = {
	};
	objectVersion = 46;
	objects = {

/* Begin PBXBuildFile section */
		26DC687A1E2D940F003A6626 /* EggTimer.swift in Sources */ = {isa = PBXBuildFile; fileRef = 26DC68791E2D940F003A6626 /* EggTimer.swift */; };
		26DC687C1E2D96ED003A6626 /* Preferences.swift in Sources */ = {isa = PBXBuildFile; fileRef = 26DC687B1E2D96ED003A6626 /* Preferences.swift */; };
		26DC687E1E2D9C4B003A6626 /* ding.mp3 in Resources */ = {isa = PBXBuildFile; fileRef = 26DC687D1E2D9C4B003A6626 /* ding.mp3 */; };
		26F659631E2CC86D005F19B2 /* AppDelegate.swift in Sources */ = {isa = PBXBuildFile; fileRef = 26F659621E2CC86D005F19B2 /* AppDelegate.swift */; };
		26F659651E2CC86D005F19B2 /* ViewController.swift in Sources */ = {isa = PBXBuildFile; fileRef = 26F659641E2CC86D005F19B2 /* ViewController.swift */; };
		26F659671E2CC86D005F19B2 /* Assets.xcassets in Resources */ = {isa = PBXBuildFile; fileRef = 26F659661E2CC86D005F19B2 /* Assets.xcassets */; };
		26F6596A1E2CC86D005F19B2 /* Main.storyboard in Resources */ = {isa = PBXBuildFile; fileRef = 26F659681E2CC86D005F19B2 /* Main.storyboard */; };
		26F659721E2CCFE2005F19B2 /* PrefsViewController.swift in Sources */ = {isa = PBXBuildFile; fileRef = 26F659711E2CCFE2005F19B2 /* PrefsViewController.swift */; };
/* End PBXBuildFile section */

/* Begin PBXFileReference section */
		26DC68751E2D9329003A6626 /* EggTimer.entitlements */ = {isa = PBXFileReference; lastKnownFileType = text.plist.entitlements; path = EggTimer.entitlements; sourceTree = "<group>"; };
		26DC68791E2D940F003A6626 /* EggTimer.swift */ = {isa = PBXFileReference; fileEncoding = 4; lastKnownFileType = sourcecode.swift; path = EggTimer.swift; sourceTree = "<group>"; };
		26DC687B1E2D96ED003A6626 /* Preferences.swift */ = {isa = PBXFileReference; fileEncoding = 4; lastKnownFileType = sourcecode.swift; path = Preferences.swift; sourceTree = "<group>"; };
		26DC687D1E2D9C4B003A6626 /* ding.mp3 */ = {isa = PBXFileReference; lastKnownFileType = audio.mp3; path = ding.mp3; sourceTree = "<group>"; };
		26F6595F1E2CC86D005F19B2 /* EggTimer.app */ = {isa = PBXFileReference; explicitFileType = wrapper.application; includeInIndex = 0; path = EggTimer.app; sourceTree = BUILT_PRODUCTS_DIR; };
		26F659621E2CC86D005F19B2 /* AppDelegate.swift */ = {isa = PBXFileReference; lastKnownFileType = sourcecode.swift; path = AppDelegate.swift; sourceTree = "<group>"; };
		26F659641E2CC86D005F19B2 /* ViewController.swift */ = {isa = PBXFileReference; lastKnownFileType = sourcecode.swift; path = ViewController.swift; sourceTree = "<group>"; };
		26F659661E2CC86D005F19B2 /* Assets.xcassets */ = {isa = PBXFileReference; lastKnownFileType = folder.assetcatalog; path = Assets.xcassets; sourceTree = "<group>"; };
		26F659691E2CC86D005F19B2 /* Base */ = {isa = PBXFileReference; lastKnownFileType = file.storyboard; name = Base; path = Base.lproj/Main.storyboard; sourceTree = "<group>"; };
		26F6596B1E2CC86D005F19B2 /* Info.plist */ = {isa = PBXFileReference; lastKnownFileType = text.plist.xml; path = Info.plist; sourceTree = "<group>"; };
		26F659711E2CCFE2005F19B2 /* PrefsViewController.swift */ = {isa = PBXFileReference; fileEncoding = 4; lastKnownFileType = sourcecode.swift; path = PrefsViewController.swift; sourceTree = "<group>"; };
/* End PBXFileReference section */

/* Begin PBXFrameworksBuildPhase section */
		26F6595C1E2CC86D005F19B2 /* Frameworks */ = {
			isa = PBXFrameworksBuildPhase;
			buildActionMask = 2147483647;
			files = (
			);
			runOnlyForDeploymentPostprocessing = 0;
		};
/* End PBXFrameworksBuildPhase section */

/* Begin PBXGroup section */
		26DC68761E2D937C003A6626 /* View Controllers */ = {
			isa = PBXGroup;
			children = (
				26F659641E2CC86D005F19B2 /* ViewController.swift */,
				26F659711E2CCFE2005F19B2 /* PrefsViewController.swift */,
			);
			name = "View Controllers";
			sourceTree = "<group>";
		};
		26DC68771E2D9389003A6626 /* Model */ = {
			isa = PBXGroup;
			children = (
				26DC68791E2D940F003A6626 /* EggTimer.swift */,
				26DC687B1E2D96ED003A6626 /* Preferences.swift */,
			);
			name = Model;
			sourceTree = "<group>";
		};
		26DC68781E2D9393003A6626 /* Supporting Files */ = {
			isa = PBXGroup;
			children = (
				26DC68751E2D9329003A6626 /* EggTimer.entitlements */,
				26F6596B1E2CC86D005F19B2 /* Info.plist */,
			);
			name = "Supporting Files";
			sourceTree = "<group>";
		};
		26F659561E2CC86D005F19B2 = {
			isa = PBXGroup;
			children = (
				26F659611E2CC86D005F19B2 /* EggTimer */,
				26F659601E2CC86D005F19B2 /* Products */,
			);
			sourceTree = "<group>";
		};
		26F659601E2CC86D005F19B2 /* Products */ = {
			isa = PBXGroup;
			children = (
				26F6595F1E2CC86D005F19B2 /* EggTimer.app */,
			);
			name = Products;
			sourceTree = "<group>";
		};
		26F659611E2CC86D005F19B2 /* EggTimer */ = {
			isa = PBXGroup;
			children = (
				26F659621E2CC86D005F19B2 /* AppDelegate.swift */,
				26DC68761E2D937C003A6626 /* View Controllers */,
				26DC68771E2D9389003A6626 /* Model */,
				26DC68781E2D9393003A6626 /* Supporting Files */,
				26F659661E2CC86D005F19B2 /* Assets.xcassets */,
				26F659681E2CC86D005F19B2 /* Main.storyboard */,
				26DC687D1E2D9C4B003A6626 /* ding.mp3 */,
			);
			path = EggTimer;
			sourceTree = "<group>";
		};
/* End PBXGroup section */

/* Begin PBXNativeTarget section */
		26F6595E1E2CC86D005F19B2 /* EggTimer */ = {
			isa = PBXNativeTarget;
			buildConfigurationList = 26F6596E1E2CC86D005F19B2 /* Build configuration list for PBXNativeTarget "EggTimer" */;
			buildPhases = (
				26F6595B1E2CC86D005F19B2 /* Sources */,
				26F6595C1E2CC86D005F19B2 /* Frameworks */,
				26F6595D1E2CC86D005F19B2 /* Resources */,
			);
			buildRules = (
			);
			dependencies = (
			);
			name = EggTimer;
			productName = EggTimer;
			productReference = 26F6595F1E2CC86D005F19B2 /* EggTimer.app */;
			productType = "com.apple.product-type.application";
		};
/* End PBXNativeTarget section */

/* Begin PBXProject section */
		26F659571E2CC86D005F19B2 /* Project object */ = {
			isa = PBXProject;
			attributes = {
				LastSwiftUpdateCheck = 0820;
				LastUpgradeCheck = 0820;
				ORGANIZATIONNAME = Razeware;
				TargetAttributes = {
					26F6595E1E2CC86D005F19B2 = {
						CreatedOnToolsVersion = 8.2.1;
						ProvisioningStyle = Automatic;
						SystemCapabilities = {
							com.apple.Sandbox = {
								enabled = 1;
							};
						};
					};
				};
			};
			buildConfigurationList = 26F6595A1E2CC86D005F19B2 /* Build configuration list for PBXProject "EggTimer" */;
			compatibilityVersion = "Xcode 3.2";
			developmentRegion = English;
			hasScannedForEncodings = 0;
			knownRegions = (
				en,
				Base,
			);
			mainGroup = 26F659561E2CC86D005F19B2;
			productRefGroup = 26F659601E2CC86D005F19B2 /* Products */;
			projectDirPath = "";
			projectRoot = "";
			targets = (
				26F6595E1E2CC86D005F19B2 /* EggTimer */,
			);
		};
/* End PBXProject section */

/* Begin PBXResourcesBuildPhase section */
		26F6595D1E2CC86D005F19B2 /* Resources */ = {
			isa = PBXResourcesBuildPhase;
			buildActionMask = 2147483647;
			files = (
				26F659671E2CC86D005F19B2 /* Assets.xcassets in Resources */,
				26F6596A1E2CC86D005F19B2 /* Main.storyboard in Resources */,
				26DC687E1E2D9C4B003A6626 /* ding.mp3 in Resources */,
			);
			runOnlyForDeploymentPostprocessing = 0;
		};
/* End PBXResourcesBuildPhase section */

/* Begin PBXSourcesBuildPhase section */
		26F6595B1E2CC86D005F19B2 /* Sources */ = {
			isa = PBXSourcesBuildPhase;
			buildActionMask = 2147483647;
			files = (
				26F659651E2CC86D005F19B2 /* ViewController.swift in Sources */,
				26DC687A1E2D940F003A6626 /* EggTimer.swift in Sources */,
				26DC687C1E2D96ED003A6626 /* Preferences.swift in Sources */,
				26F659721E2CCFE2005F19B2 /* PrefsViewController.swift in Sources */,
				26F659631E2CC86D005F19B2 /* AppDelegate.swift in Sources */,
			);
			runOnlyForDeploymentPostprocessing = 0;
		};
/* End PBXSourcesBuildPhase section */

/* Begin PBXVariantGroup section */
		26F659681E2CC86D005F19B2 /* Main.storyboard */ = {
			isa = PBXVariantGroup;
			children = (
				26F659691E2CC86D005F19B2 /* Base */,
			);
			name = Main.storyboard;
			sourceTree = "<group>";
		};
/* End PBXVariantGroup section */

/* Begin XCBuildConfiguration section */
		26F6596C1E2CC86D005F19B2 /* Debug */ = {
			isa = XCBuildConfiguration;
			buildSettings = {
				ALWAYS_SEARCH_USER_PATHS = NO;
				CLANG_ANALYZER_NONNULL = YES;
				CLANG_CXX_LANGUAGE_STANDARD = "gnu++0x";
				CLANG_CXX_LIBRARY = "libc++";
				CLANG_ENABLE_MODULES = YES;
				CLANG_ENABLE_OBJC_ARC = YES;
				CLANG_WARN_BOOL_CONVERSION = YES;
				CLANG_WARN_CONSTANT_CONVERSION = YES;
				CLANG_WARN_DIRECT_OBJC_ISA_USAGE = YES_ERROR;
				CLANG_WARN_DOCUMENTATION_COMMENTS = YES;
				CLANG_WARN_EMPTY_BODY = YES;
				CLANG_WARN_ENUM_CONVERSION = YES;
				CLANG_WARN_INFINITE_RECURSION = YES;
				CLANG_WARN_INT_CONVERSION = YES;
				CLANG_WARN_OBJC_ROOT_CLASS = YES_ERROR;
				CLANG_WARN_SUSPICIOUS_MOVE = YES;
				CLANG_WARN_UNREACHABLE_CODE = YES;
				CLANG_WARN__DUPLICATE_METHOD_MATCH = YES;
				CODE_SIGN_IDENTITY = "-";
				COPY_PHASE_STRIP = NO;
				DEBUG_INFORMATION_FORMAT = dwarf;
				ENABLE_STRICT_OBJC_MSGSEND = YES;
				ENABLE_TESTABILITY = YES;
				GCC_C_LANGUAGE_STANDARD = gnu99;
				GCC_DYNAMIC_NO_PIC = NO;
				GCC_NO_COMMON_BLOCKS = YES;
				GCC_OPTIMIZATION_LEVEL = 0;
				GCC_PREPROCESSOR_DEFINITIONS = (
					"DEBUG=1",
					"$(inherited)",
				);
				GCC_WARN_64_TO_32_BIT_CONVERSION = YES;
				GCC_WARN_ABOUT_RETURN_TYPE = YES_ERROR;
				GCC_WARN_UNDECLARED_SELECTOR = YES;
				GCC_WARN_UNINITIALIZED_AUTOS = YES_AGGRESSIVE;
				GCC_WARN_UNUSED_FUNCTION = YES;
				GCC_WARN_UNUSED_VARIABLE = YES;
				MACOSX_DEPLOYMENT_TARGET = 10.12;
				MTL_ENABLE_DEBUG_INFO = YES;
				ONLY_ACTIVE_ARCH = YES;
				SDKROOT = macosx;
				SWIFT_ACTIVE_COMPILATION_CONDITIONS = DEBUG;
				SWIFT_OPTIMIZATION_LEVEL = "-Onone";
			};
			name = Debug;
		};
		26F6596D1E2CC86D005F19B2 /* Release */ = {
			isa = XCBuildConfiguration;
			buildSettings = {
				ALWAYS_SEARCH_USER_PATHS = NO;
				CLANG_ANALYZER_NONNULL = YES;
				CLANG_CXX_LANGUAGE_STANDARD = "gnu++0x";
				CLANG_CXX_LIBRARY = "libc++";
				CLANG_ENABLE_MODULES = YES;
				CLANG_ENABLE_OBJC_ARC = YES;
				CLANG_WARN_BOOL_CONVERSION = YES;
				CLANG_WARN_CONSTANT_CONVERSION = YES;
				CLANG_WARN_DIRECT_OBJC_ISA_USAGE = YES_ERROR;
				CLANG_WARN_DOCUMENTATION_COMMENTS = YES;
				CLANG_WARN_EMPTY_BODY = YES;
				CLANG_WARN_ENUM_CONVERSION = YES;
				CLANG_WARN_INFINITE_RECURSION = YES;
				CLANG_WARN_INT_CONVERSION = YES;
				CLANG_WARN_OBJC_ROOT_CLASS = YES_ERROR;
				CLANG_WARN_SUSPICIOUS_MOVE = YES;
				CLANG_WARN_UNREACHABLE_CODE = YES;
				CLANG_WARN__DUPLICATE_METHOD_MATCH = YES;
				CODE_SIGN_IDENTITY = "-";
				COPY_PHASE_STRIP = NO;
				DEBUG_INFORMATION_FORMAT = "dwarf-with-dsym";
				ENABLE_NS_ASSERTIONS = NO;
				ENABLE_STRICT_OBJC_MSGSEND = YES;
				GCC_C_LANGUAGE_STANDARD = gnu99;
				GCC_NO_COMMON_BLOCKS = YES;
				GCC_WARN_64_TO_32_BIT_CONVERSION = YES;
				GCC_WARN_ABOUT_RETURN_TYPE = YES_ERROR;
				GCC_WARN_UNDECLARED_SELECTOR = YES;
				GCC_WARN_UNINITIALIZED_AUTOS = YES_AGGRESSIVE;
				GCC_WARN_UNUSED_FUNCTION = YES;
				GCC_WARN_UNUSED_VARIABLE = YES;
				MACOSX_DEPLOYMENT_TARGET = 10.12;
				MTL_ENABLE_DEBUG_INFO = NO;
				SDKROOT = macosx;
				SWIFT_OPTIMIZATION_LEVEL = "-Owholemodule";
			};
			name = Release;
		};
		26F6596F1E2CC86D005F19B2 /* Debug */ = {
			isa = XCBuildConfiguration;
			buildSettings = {
				ASSETCATALOG_COMPILER_APPICON_NAME = AppIcon;
				CODE_SIGN_ENTITLEMENTS = EggTimer/EggTimer.entitlements;
				COMBINE_HIDPI_IMAGES = YES;
				INFOPLIST_FILE = EggTimer/Info.plist;
				LD_RUNPATH_SEARCH_PATHS = "$(inherited) @executable_path/../Frameworks";
				PRODUCT_BUNDLE_IDENTIFIER = com.razeware.EggTimer;
				PRODUCT_NAME = "$(TARGET_NAME)";
				SWIFT_VERSION = 3.0;
			};
			name = Debug;
		};
		26F659701E2CC86D005F19B2 /* Release */ = {
			isa = XCBuildConfiguration;
			buildSettings = {
				ASSETCATALOG_COMPILER_APPICON_NAME = AppIcon;
				CODE_SIGN_ENTITLEMENTS = EggTimer/EggTimer.entitlements;
				COMBINE_HIDPI_IMAGES = YES;
				INFOPLIST_FILE = EggTimer/Info.plist;
				LD_RUNPATH_SEARCH_PATHS = "$(inherited) @executable_path/../Frameworks";
				PRODUCT_BUNDLE_IDENTIFIER = com.razeware.EggTimer;
				PRODUCT_NAME = "$(TARGET_NAME)";
				SWIFT_VERSION = 3.0;
			};
			name = Release;
		};
/* End XCBuildConfiguration section */

/* Begin XCConfigurationList section */
		26F6595A1E2CC86D005F19B2 /* Build configuration list for PBXProject "EggTimer" */ = {
			isa = XCConfigurationList;
			buildConfigurations = (
				26F6596C1E2CC86D005F19B2 /* Debug */,
				26F6596D1E2CC86D005F19B2 /* Release */,
			);
			defaultConfigurationIsVisible = 0;
			defaultConfigurationName = Release;
		};
		26F6596E1E2CC86D005F19B2 /* Build configuration list for PBXNativeTarget "EggTimer" */ = {
			isa = XCConfigurationList;
			buildConfigurations = (
				26F6596F1E2CC86D005F19B2 /* Debug */,
				26F659701E2CC86D005F19B2 /* Release */,
			);
			defaultConfigurationIsVisible = 0;
			defaultConfigurationName = Release;
		};
/* End XCConfigurationList section */
	};
	rootObject = 26F659571E2CC86D005F19B2 /* Project object */;
}
